
Microsoft Visual Studio Solution File, Format Version 12.00
# Visual Studio Version 16
VisualStudioVersion = 16.0.29728.190
MinimumVisualStudioVersion = 10.0.40219.1
Project("{9A19103F-16F7-4668-BE54-9A1E7A4F7556}") = "GS1Parser", "GS1Parser\GS1Parser.csproj", "{9F3FBC12-7112-4A49-A592-94F76E1C0F2C}"
EndProject
Project("{FAE04EC0-301F-11D3-BF4B-00C04F79EFBC}") = "GS1Parser.Console", "GS1Parser.Console\GS1Parser.Console.csproj", "{1BCE068E-2717-4373-9BFF-21EBF22CB9C1}"
EndProject
Global
	GlobalSection(SolutionConfigurationPlatforms) = preSolution
		Debug|Any CPU = Debug|Any CPU
		Release|Any CPU = Release|Any CPU
	EndGlobalSection
	GlobalSection(ProjectConfigurationPlatforms) = postSolution
		{9F3FBC12-7112-4A49-A592-94F76E1C0F2C}.Debug|Any CPU.ActiveCfg = Debug|Any CPU
		{9F3FBC12-7112-4A49-A592-94F76E1C0F2C}.Debug|Any CPU.Build.0 = Debug|Any CPU
		{9F3FBC12-7112-4A49-A592-94F76E1C0F2C}.Release|Any CPU.ActiveCfg = Release|Any CPU
		{9F3FBC12-7112-4A49-A592-94F76E1C0F2C}.Release|Any CPU.Build.0 = Release|Any CPU
		{1BCE068E-2717-4373-9BFF-21EBF22CB9C1}.Debug|Any CPU.ActiveCfg = Debug|Any CPU
		{1BCE068E-2717-4373-9BFF-21EBF22CB9C1}.Debug|Any CPU.Build.0 = Debug|Any CPU
		{1BCE068E-2717-4373-9BFF-21EBF22CB9C1}.Release|Any CPU.ActiveCfg = Release|Any CPU
		{1BCE068E-2717-4373-9BFF-21EBF22CB9C1}.Release|Any CPU.Build.0 = Release|Any CPU
	EndGlobalSection
	GlobalSection(SolutionProperties) = preSolution
		HideSolutionNode = FALSE
	EndGlobalSection
	GlobalSection(ExtensibilityGlobals) = postSolution
		SolutionGuid = {91B97F41-181F-4EBD-B417-8496D639E210}
	EndGlobalSection
EndGlobal
